{
  "originHash" : "36ece777af2e1c0204ebe342a083c5b819ffeaa318585ae3e5d51c5424b43af4",
  "pins" : [
    {
      "identity" : "glur",
      "kind" : "remoteSourceControl",
      "location" : "https://github.com/joogps/Glur",
      "state" : {
        "revision" : "ba4f05d3c9a608ec773b9305f2af6089390de68a",
        "version" : "2.0.0"
      }
    }
  ],
  "version" : 3
}
