// !$*UTF8*$!
{
	archiveVersion = 1;
	classes = {
	};
	objectVersion = 77;
	objects = {

/* Begin PBXBuildFile section */
		0518E7BC7FF5DA15E6F1CB52 /* AppIcon.icon in Resources */ = {isa = PBXBuildFile; fileRef = 2B650856C28BA6DD64543A24 /* AppIcon.icon */; };
		05D969D4F7888414872F4A1F /* Novel.swift in Sources */ = {isa = PBXBuildFile; fileRef = B56B530299C57FD90A1E1FB3 /* Novel.swift */; };
		0C03062A193BA30A59F0417F /* MoreView.swift in Sources */ = {isa = PBXBuildFile; fileRef = 22DDF1DFDE958E4744082B1B /* MoreView.swift */; };
		0D61A49ED5F1D91D3A515A14 /* GeneralSettingsView.swift in Sources */ = {isa = PBXBuildFile; fileRef = 4FEB9DFD69BA0045086A56C6 /* GeneralSettingsView.swift */; };
		0F1B805C6FDCC1DEDB5754EB /* ReaderTTSManager.swift in Sources */ = {isa = PBXBuildFile; fileRef = BD006CC34D0C4C76D36DE78E /* ReaderTTSManager.swift */; };
		0F37784CA27169F604E6AF15 /* AuthView.swift in Sources */ = {isa = PBXBuildFile; fileRef = 6296321DDD74C291B504BEC0 /* AuthView.swift */; };
		126F9AF4E3EB6F3756B32B06 /* NovelCoverView.swift in Sources */ = {isa = PBXBuildFile; fileRef = 1760A05DBF7E612169B36D46 /* NovelCoverView.swift */; };
		172170C0C9733A83E162D5EA /* WiggleModifier.swift in Sources */ = {isa = PBXBuildFile; fileRef = 7DB09D701D00140674D1ADF4 /* WiggleModifier.swift */; };
		1A90711DB39A3061C8ECBFE1 /* ChapterComment.swift in Sources */ = {isa = PBXBuildFile; fileRef = CAA6EC9C1F5F0F6587444BBF /* ChapterComment.swift */; };
		1ABA3093E56C72975015C4A9 /* JSSourcePlugin.swift in Sources */ = {isa = PBXBuildFile; fileRef = CCC4554D0C4A0A3A82593110 /* JSSourcePlugin.swift */; };
		1B98738FDB08E9739DEA128F /* Repository.swift in Sources */ = {isa = PBXBuildFile; fileRef = 7CC28AE689134463969C622A /* Repository.swift */; };
		1F81C415072C2CC58104534D /* LibraryGridView.swift in Sources */ = {isa = PBXBuildFile; fileRef = 60F9403D2E7706164EFA9DFB /* LibraryGridView.swift */; };
		25E7C39A3D44AB0755F64161 /* Category.swift in Sources */ = {isa = PBXBuildFile; fileRef = C365B6B617F5A22505985AA7 /* Category.swift */; };
		27353B17C2D4DDE3B62EEF65 /* LibraryManager.swift in Sources */ = {isa = PBXBuildFile; fileRef = 635EBF2C4EBF46F848E6E070 /* LibraryManager.swift */; };
		291B1C3AB4E3A7256BB48E6F /* Date+Extensions.swift in Sources */ = {isa = PBXBuildFile; fileRef = 9F3233C4DA4D6A036AA55261 /* Date+Extensions.swift */; };
		2AB970CC355C921E6044A091 /* LibraryView.swift in Sources */ = {isa = PBXBuildFile; fileRef = EA29494108CD17219086F81C /* LibraryView.swift */; };
		2EE35F4E3C525E45A1006435 /* ReaderSettingsView.swift in Sources */ = {isa = PBXBuildFile; fileRef = FD1C9A0EDEC76B66E2A28B5A /* ReaderSettingsView.swift */; };
		332668269D86AA69EFACDF60 /* SourceCard.swift in Sources */ = {isa = PBXBuildFile; fileRef = BE5F1E7A32777F36CB6BB15B /* SourceCard.swift */; };
		4166A7FC148CCAA3EBE3DB68 /* NovelFireCommentsService.swift in Sources */ = {isa = PBXBuildFile; fileRef = FA185521D5A2A6659A82F448 /* NovelFireCommentsService.swift */; };
		49B3E6FF38E49F830F28E3C1 /* NovelHeaderView.swift in Sources */ = {isa = PBXBuildFile; fileRef = 864A984E2C4C0237F815C05E /* NovelHeaderView.swift */; };
		4FBA33A806A389FA89FFF285 /* UpdateRow.swift in Sources */ = {isa = PBXBuildFile; fileRef = A6F1A6745E7ACADABB7304F5 /* UpdateRow.swift */; };
		529B1B70BCE0941501A626B2 /* FlexibleHeader.swift in Sources */ = {isa = PBXBuildFile; fileRef = 9D2FA6695A9361D47858CC38 /* FlexibleHeader.swift */; };
		5602A1D884B68BD5379038E4 /* MockSource.swift in Sources */ = {isa = PBXBuildFile; fileRef = 392C327BEA15155A04D0DE30 /* MockSource.swift */; };
		5E9EA7833D65125233825CD8 /* NovelInfoSection.swift in Sources */ = {isa = PBXBuildFile; fileRef = F40544D40A826C93D44709D4 /* NovelInfoSection.swift */; };
		6098BA752774BDB4B89F0413 /* BadgeView.swift in Sources */ = {isa = PBXBuildFile; fileRef = 1F23349EABEA436D6793D9B6 /* BadgeView.swift */; };
		62C08A004F957CA7BE8565D4 /* String+Extensions.swift in Sources */ = {isa = PBXBuildFile; fileRef = 12F4A420FA71593B7FE636EF /* String+Extensions.swift */; };
		6663C20B34190DA7759BF147 /* ReaderContentBridge.swift in Sources */ = {isa = PBXBuildFile; fileRef = 44694161C716310552872C25 /* ReaderContentBridge.swift */; };
		6D9A07220293CC4C0F5D257D /* ReaderView.swift in Sources */ = {isa = PBXBuildFile; fileRef = 003CA6699D27A4A3DCAFD2EF /* ReaderView.swift */; };
		70AF3DCF891725ECA2575D6E /* CustomAsyncImage.swift in Sources */ = {isa = PBXBuildFile; fileRef = 9B15C949254CA69833D943AC /* CustomAsyncImage.swift */; };
		75995F2F5AE6494AC92E1C43 /* GlassCard.swift in Sources */ = {isa = PBXBuildFile; fileRef = 179854008F9437120FBDEDDB /* GlassCard.swift */; };
		7BF5C5BE164E42B9EA245AFE /* HTMLParser.swift in Sources */ = {isa = PBXBuildFile; fileRef = 6C68D75AE23FF560C56A9C84 /* HTMLParser.swift */; };
		7C176687CDA357D1C003C517 /* TTSAudioCache.swift in Sources */ = {isa = PBXBuildFile; fileRef = 5B329FB083E53D42E5825CC0 /* TTSAudioCache.swift */; };
		844BC985C7BAC123C2DB2C06 /* UpdatesView.swift in Sources */ = {isa = PBXBuildFile; fileRef = DAAEBBACB7F3008512E5F5C8 /* UpdatesView.swift */; };
		85CDA37BF617A6E77D899825 /* TinyXMLParser.swift in Sources */ = {isa = PBXBuildFile; fileRef = 6E10BF3DAB13B839E1205F6D /* TinyXMLParser.swift */; };
		89540930F1A34DF599CEA02B /* DeleteBadge.swift in Sources */ = {isa = PBXBuildFile; fileRef = 623EA90F63B7AF0B5426E96B /* DeleteBadge.swift */; };
		8C06989B481578FF1985D66A /* LNReaderApp.swift in Sources */ = {isa = PBXBuildFile; fileRef = 7C9E9CDAAAE1E4CA9DAA3212 /* LNReaderApp.swift */; };
		8C9407C6843D94D83BC3760D /* PluginShims.swift in Sources */ = {isa = PBXBuildFile; fileRef = B16239F828D386E43FDBB928 /* PluginShims.swift */; };
		8D5A446E5B0B3585C84B2490 /* FocusModeManager.swift in Sources */ = {isa = PBXBuildFile; fileRef = 2E6A6D07AE4B518B274A5072 /* FocusModeManager.swift */; };
		936C1CA9EF06DEF42FD6D430 /* LoadingView.swift in Sources */ = {isa = PBXBuildFile; fileRef = 3C527A04CDCEF84E8DEA8EFB /* LoadingView.swift */; };
		939B509FC87B4E6546B04724 /* ReaderContent.swift in Sources */ = {isa = PBXBuildFile; fileRef = 89DF43235A3A3FF8323B318A /* ReaderContent.swift */; };
		94D28F3920B360E7992CF402 /* BrowseView.swift in Sources */ = {isa = PBXBuildFile; fileRef = 6D146837B0A35B46E96AA935 /* BrowseView.swift */; };
		964462B69BFEFB77456C4391 /* Theme.swift in Sources */ = {isa = PBXBuildFile; fileRef = C7F584AC89AA22BCF08D75E5 /* Theme.swift */; };
		982859293982550BA36FA065 /* NovelDetailView.swift in Sources */ = {isa = PBXBuildFile; fileRef = F8C839AAAF9EECC8AEFF7D32 /* NovelDetailView.swift */; };
		9E3ED16AD43AC4A98B214B9C /* UserProfile.swift in Sources */ = {isa = PBXBuildFile; fileRef = 0F3C57396225E76D5E328F96 /* UserProfile.swift */; };
		A4FBFDFEFA8DAB3E3F26B5AE /* DisplayMode.swift in Sources */ = {isa = PBXBuildFile; fileRef = E0BAC8A5A6A4148EFD000C5E /* DisplayMode.swift */; };
		A808755A9ED9DE0C3FB473C8 /* SortOrder.swift in Sources */ = {isa = PBXBuildFile; fileRef = 529ECBBE4EC3C2A151959310 /* SortOrder.swift */; };
		A80C51880F770CCE55AC5FEE /* LibraryListView.swift in Sources */ = {isa = PBXBuildFile; fileRef = 5ED6BA0F67B3BD27D533F6FB /* LibraryListView.swift */; };
		A80CDB14728D145483AC4AC9 /* HistoryView.swift in Sources */ = {isa = PBXBuildFile; fileRef = F184BCF47362D5B90EA1FBC5 /* HistoryView.swift */; };
		AB15B1E92617A630F5F814B8 /* LibraryToolbar.swift in Sources */ = {isa = PBXBuildFile; fileRef = 1B7EA7CD78D6EB26DF7E50ED /* LibraryToolbar.swift */; };
		ABD443FA39C59BF556CA2100 /* PluginManager.swift in Sources */ = {isa = PBXBuildFile; fileRef = 722458855AF69B5DACBBB0F2 /* PluginManager.swift */; };
		AC18996B8CB747D0257FB2DE /* ReaderSettings.swift in Sources */ = {isa = PBXBuildFile; fileRef = 174C8A293062CFE21B69CD54 /* ReaderSettings.swift */; };
		ACF03F865CF4D13501F5CC5E /* CategoryTabView.swift in Sources */ = {isa = PBXBuildFile; fileRef = CA3A74FA2C6CA7812E9A5104 /* CategoryTabView.swift */; };
		B37E1D7E301188E6B2789AD1 /* ReaderToolbar.swift in Sources */ = {isa = PBXBuildFile; fileRef = 671E0339A11D5257190D9382 /* ReaderToolbar.swift */; };
		B583B0FCB254B1732516B008 /* ReadingHistory.swift in Sources */ = {isa = PBXBuildFile; fileRef = DA7252953C1DC4790D0D99C8 /* ReadingHistory.swift */; };
		B5A5AC4F4D44510F58EEA357 /* NovelFireLoginView.swift in Sources */ = {isa = PBXBuildFile; fileRef = 037C592FB524AD4F9A9F370F /* NovelFireLoginView.swift */; };
		B6C6D1C5F90025D8A536E91B /* AboutView.swift in Sources */ = {isa = PBXBuildFile; fileRef = 0BACDEFA4D3A76B48456098C /* AboutView.swift */; };
		B8D2CAB1DC28627539E29A3B /* ChapterRow.swift in Sources */ = {isa = PBXBuildFile; fileRef = EF6E35C495529EB1044040B0 /* ChapterRow.swift */; };
		BE4BB0628A00BB8C16DE9E47 /* Chapter.swift in Sources */ = {isa = PBXBuildFile; fileRef = 83D4C60AFAD837E951FD8186 /* Chapter.swift */; };
		BFFABD8B1BC6977119832E29 /* EmptyStateView.swift in Sources */ = {isa = PBXBuildFile; fileRef = F1B42540A8553644A4BA6829 /* EmptyStateView.swift */; };
		C4748B637ED36325AFC4D906 /* AdvancedSettingsView.swift in Sources */ = {isa = PBXBuildFile; fileRef = 0E7EF8F1619F87E49C91AA9D /* AdvancedSettingsView.swift */; };
		C54D0BBB558ED4A8EEB89352 /* SourceDetailView.swift in Sources */ = {isa = PBXBuildFile; fileRef = 2D249BF6B2E5EFC8CEE1A15F /* SourceDetailView.swift */; };
		C7DCD24BA48D3707D689052D /* ReaderChapterListSheet.swift in Sources */ = {isa = PBXBuildFile; fileRef = 8A3F4D29864B2CD889170153 /* ReaderChapterListSheet.swift */; };
		C859B7F21605A326EEC1CC1B /* GlobalSearchView.swift in Sources */ = {isa = PBXBuildFile; fileRef = DE7855CDF6838B115B019E60 /* GlobalSearchView.swift */; };
		C8F3E21C45BA514861798359 /* ChapterListView.swift in Sources */ = {isa = PBXBuildFile; fileRef = 9B5910B0EC9309E6416CFAFB /* ChapterListView.swift */; };
		CB4E20E102161D7E220CEDDD /* ContentView.swift in Sources */ = {isa = PBXBuildFile; fileRef = 3098E6B5EE638FB9BAC7732D /* ContentView.swift */; };
		D03BFCC6CD4B49965B34EE23 /* NetworkClient.swift in Sources */ = {isa = PBXBuildFile; fileRef = 530E8B72F8C400221A99FB1B /* NetworkClient.swift */; };
		D2EF6AD9F0781D12B92C4865 /* LocalBookManager.swift in Sources */ = {isa = PBXBuildFile; fileRef = 8F0A8E05349ED5A1033E1967 /* LocalBookManager.swift */; };
		D874365D359C3403B83EA8CA /* CommentSite.swift in Sources */ = {isa = PBXBuildFile; fileRef = C5EE675CB77CE18FD43663D2 /* CommentSite.swift */; };
		DF964DDA1C4FB131E160580E /* Assets.xcassets in Resources */ = {isa = PBXBuildFile; fileRef = BA227D06471ABC5D87C79929 /* Assets.xcassets */; };
		E0AC98E967703470CE4D8097 /* MiniZIP.swift in Sources */ = {isa = PBXBuildFile; fileRef = 0D4233BADE3CB7AF56E45C68 /* MiniZIP.swift */; };
		E271F36B96D33AAE2F3411A4 /* NovelDropDelegate.swift in Sources */ = {isa = PBXBuildFile; fileRef = 528A1466337E800799FED5D8 /* NovelDropDelegate.swift */; };
		E8E599B09D9B415DFC301756 /* SourcePlugin.swift in Sources */ = {isa = PBXBuildFile; fileRef = EF6874D7E189C71594C8D890 /* SourcePlugin.swift */; };
		EB7155DE60ABC4A9AF8D661A /* View+Extensions.swift in Sources */ = {isa = PBXBuildFile; fileRef = 8AD79F29E8F9031396631E55 /* View+Extensions.swift */; };
		ED66F03304D686E37ED4776B /* NovelFireCommentsView.swift in Sources */ = {isa = PBXBuildFile; fileRef = 4C4CCC920C4381FB8A63F2AE /* NovelFireCommentsView.swift */; };
		EEDF92E541FC7528E7BEAA2B /* StatisticsView.swift in Sources */ = {isa = PBXBuildFile; fileRef = D2D010962F3B606729E91A2B /* StatisticsView.swift */; };
		EFAD3576C145DEDFF32B3D98 /* GlassOverlay.swift in Sources */ = {isa = PBXBuildFile; fileRef = FCDA490AB7000042D1AA6DAF /* GlassOverlay.swift */; };
		F058C4831CC3F14C9B5EDC9B /* Glur in Frameworks */ = {isa = PBXBuildFile; productRef = 0D468E064E87EA8FE7747702 /* Glur */; };
		F1FBF7CB0B15A4A6742DE315 /* NovelStatus.swift in Sources */ = {isa = PBXBuildFile; fileRef = 077BF4C78DF1F6E3662DC6A8 /* NovelStatus.swift */; };
		F284113DD4D3BBD22FA26560 /* TTSSettingsView.swift in Sources */ = {isa = PBXBuildFile; fileRef = FA7B6ED88F807CFBE5682DC8 /* TTSSettingsView.swift */; };
		F8879A418673455C0E62F341 /* SyncManager.swift in Sources */ = {isa = PBXBuildFile; fileRef = A93193A48DE8D174048C0696 /* SyncManager.swift */; };
		FA024401BCB08F7E6C64FBFE /* HistoryRow.swift in Sources */ = {isa = PBXBuildFile; fileRef = 50F9C09B8F93F66D136B578B /* HistoryRow.swift */; };
		FD91FA952D879AFFD81F3ED3 /* Constants.swift in Sources */ = {isa = PBXBuildFile; fileRef = 788EA87FDCBD419221019BB2 /* Constants.swift */; };
/* End PBXBuildFile section */

/* Begin PBXFileReference section */
		003CA6699D27A4A3DCAFD2EF /* ReaderView.swift */ = {isa = PBXFileReference; lastKnownFileType = sourcecode.swift; path = ReaderView.swift; sourceTree = "<group>"; };
		037C592FB524AD4F9A9F370F /* NovelFireLoginView.swift */ = {isa = PBXFileReference; lastKnownFileType = sourcecode.swift; path = NovelFireLoginView.swift; sourceTree = "<group>"; };
		077BF4C78DF1F6E3662DC6A8 /* NovelStatus.swift */ = {isa = PBXFileReference; lastKnownFileType = sourcecode.swift; path = NovelStatus.swift; sourceTree = "<group>"; };
		0BACDEFA4D3A76B48456098C /* AboutView.swift */ = {isa = PBXFileReference; lastKnownFileType = sourcecode.swift; path = AboutView.swift; sourceTree = "<group>"; };
		0D4233BADE3CB7AF56E45C68 /* MiniZIP.swift */ = {isa = PBXFileReference; lastKnownFileType = sourcecode.swift; path = MiniZIP.swift; sourceTree = "<group>"; };
		0E7EF8F1619F87E49C91AA9D /* AdvancedSettingsView.swift */ = {isa = PBXFileReference; lastKnownFileType = sourcecode.swift; path = AdvancedSettingsView.swift; sourceTree = "<group>"; };
		0F3C57396225E76D5E328F96 /* UserProfile.swift */ = {isa = PBXFileReference; lastKnownFileType = sourcecode.swift; path = UserProfile.swift; sourceTree = "<group>"; };
		12F4A420FA71593B7FE636EF /* String+Extensions.swift */ = {isa = PBXFileReference; lastKnownFileType = sourcecode.swift; path = "String+Extensions.swift"; sourceTree = "<group>"; };
		174C8A293062CFE21B69CD54 /* ReaderSettings.swift */ = {isa = PBXFileReference; lastKnownFileType = sourcecode.swift; path = ReaderSettings.swift; sourceTree = "<group>"; };
		1760A05DBF7E612169B36D46 /* NovelCoverView.swift */ = {isa = PBXFileReference; lastKnownFileType = sourcecode.swift; path = NovelCoverView.swift; sourceTree = "<group>"; };
		179854008F9437120FBDEDDB /* GlassCard.swift */ = {isa = PBXFileReference; lastKnownFileType = sourcecode.swift; path = GlassCard.swift; sourceTree = "<group>"; };
		1B7EA7CD78D6EB26DF7E50ED /* LibraryToolbar.swift */ = {isa = PBXFileReference; lastKnownFileType = sourcecode.swift; path = LibraryToolbar.swift; sourceTree = "<group>"; };
		1F23349EABEA436D6793D9B6 /* BadgeView.swift */ = {isa = PBXFileReference; lastKnownFileType = sourcecode.swift; path = BadgeView.swift; sourceTree = "<group>"; };
		22DDF1DFDE958E4744082B1B /* MoreView.swift */ = {isa = PBXFileReference; lastKnownFileType = sourcecode.swift; path = MoreView.swift; sourceTree = "<group>"; };
		2B650856C28BA6DD64543A24 /* AppIcon.icon */ = {isa = PBXFileReference; lastKnownFileType = wrapper.icon; path = AppIcon.icon; sourceTree = "<group>"; };
		2D249BF6B2E5EFC8CEE1A15F /* SourceDetailView.swift */ = {isa = PBXFileReference; lastKnownFileType = sourcecode.swift; path = SourceDetailView.swift; sourceTree = "<group>"; };
		2E6A6D07AE4B518B274A5072 /* FocusModeManager.swift */ = {isa = PBXFileReference; lastKnownFileType = sourcecode.swift; path = FocusModeManager.swift; sourceTree = "<group>"; };
		3098E6B5EE638FB9BAC7732D /* ContentView.swift */ = {isa = PBXFileReference; lastKnownFileType = sourcecode.swift; path = ContentView.swift; sourceTree = "<group>"; };
		392C327BEA15155A04D0DE30 /* MockSource.swift */ = {isa = PBXFileReference; lastKnownFileType = sourcecode.swift; path = MockSource.swift; sourceTree = "<group>"; };
		3C527A04CDCEF84E8DEA8EFB /* LoadingView.swift */ = {isa = PBXFileReference; lastKnownFileType = sourcecode.swift; path = LoadingView.swift; sourceTree = "<group>"; };
		44694161C716310552872C25 /* ReaderContentBridge.swift */ = {isa = PBXFileReference; lastKnownFileType = sourcecode.swift; path = ReaderContentBridge.swift; sourceTree = "<group>"; };
		46FA6A19D9FC62CAFEB6AEC5 /* LNReader.app */ = {isa = PBXFileReference; explicitFileType = wrapper.application; includeInIndex = 0; path = LNReader.app; sourceTree = BUILT_PRODUCTS_DIR; };
		4C4CCC920C4381FB8A63F2AE /* NovelFireCommentsView.swift */ = {isa = PBXFileReference; lastKnownFileType = sourcecode.swift; path = NovelFireCommentsView.swift; sourceTree = "<group>"; };
		4FEB9DFD69BA0045086A56C6 /* GeneralSettingsView.swift */ = {isa = PBXFileReference; lastKnownFileType = sourcecode.swift; path = GeneralSettingsView.swift; sourceTree = "<group>"; };
		50F9C09B8F93F66D136B578B /* HistoryRow.swift */ = {isa = PBXFileReference; lastKnownFileType = sourcecode.swift; path = HistoryRow.swift; sourceTree = "<group>"; };
		528A1466337E800799FED5D8 /* NovelDropDelegate.swift */ = {isa = PBXFileReference; lastKnownFileType = sourcecode.swift; path = NovelDropDelegate.swift; sourceTree = "<group>"; };
		529ECBBE4EC3C2A151959310 /* SortOrder.swift */ = {isa = PBXFileReference; lastKnownFileType = sourcecode.swift; path = SortOrder.swift; sourceTree = "<group>"; };
		530E8B72F8C400221A99FB1B /* NetworkClient.swift */ = {isa = PBXFileReference; lastKnownFileType = sourcecode.swift; path = NetworkClient.swift; sourceTree = "<group>"; };
		5B329FB083E53D42E5825CC0 /* TTSAudioCache.swift */ = {isa = PBXFileReference; lastKnownFileType = sourcecode.swift; path = TTSAudioCache.swift; sourceTree = "<group>"; };
		5ED6BA0F67B3BD27D533F6FB /* LibraryListView.swift */ = {isa = PBXFileReference; lastKnownFileType = sourcecode.swift; path = LibraryListView.swift; sourceTree = "<group>"; };
		60F9403D2E7706164EFA9DFB /* LibraryGridView.swift */ = {isa = PBXFileReference; lastKnownFileType = sourcecode.swift; path = LibraryGridView.swift; sourceTree = "<group>"; };
		623EA90F63B7AF0B5426E96B /* DeleteBadge.swift */ = {isa = PBXFileReference; lastKnownFileType = sourcecode.swift; path = DeleteBadge.swift; sourceTree = "<group>"; };
		6296321DDD74C291B504BEC0 /* AuthView.swift */ = {isa = PBXFileReference; lastKnownFileType = sourcecode.swift; path = AuthView.swift; sourceTree = "<group>"; };
		635EBF2C4EBF46F848E6E070 /* LibraryManager.swift */ = {isa = PBXFileReference; lastKnownFileType = sourcecode.swift; path = LibraryManager.swift; sourceTree = "<group>"; };
		671E0339A11D5257190D9382 /* ReaderToolbar.swift */ = {isa = PBXFileReference; lastKnownFileType = sourcecode.swift; path = ReaderToolbar.swift; sourceTree = "<group>"; };
		6C68D75AE23FF560C56A9C84 /* HTMLParser.swift */ = {isa = PBXFileReference; lastKnownFileType = sourcecode.swift; path = HTMLParser.swift; sourceTree = "<group>"; };
		6D146837B0A35B46E96AA935 /* BrowseView.swift */ = {isa = PBXFileReference; lastKnownFileType = sourcecode.swift; path = BrowseView.swift; sourceTree = "<group>"; };
		6E10BF3DAB13B839E1205F6D /* TinyXMLParser.swift */ = {isa = PBXFileReference; lastKnownFileType = sourcecode.swift; path = TinyXMLParser.swift; sourceTree = "<group>"; };
		722458855AF69B5DACBBB0F2 /* PluginManager.swift */ = {isa = PBXFileReference; lastKnownFileType = sourcecode.swift; path = PluginManager.swift; sourceTree = "<group>"; };
		788EA87FDCBD419221019BB2 /* Constants.swift */ = {isa = PBXFileReference; lastKnownFileType = sourcecode.swift; path = Constants.swift; sourceTree = "<group>"; };
		7C9E9CDAAAE1E4CA9DAA3212 /* LNReaderApp.swift */ = {isa = PBXFileReference; lastKnownFileType = sourcecode.swift; path = LNReaderApp.swift; sourceTree = "<group>"; };
		7CC28AE689134463969C622A /* Repository.swift */ = {isa = PBXFileReference; lastKnownFileType = sourcecode.swift; path = Repository.swift; sourceTree = "<group>"; };
		7DB09D701D00140674D1ADF4 /* WiggleModifier.swift */ = {isa = PBXFileReference; lastKnownFileType = sourcecode.swift; path = WiggleModifier.swift; sourceTree = "<group>"; };
		83D4C60AFAD837E951FD8186 /* Chapter.swift */ = {isa = PBXFileReference; lastKnownFileType = sourcecode.swift; path = Chapter.swift; sourceTree = "<group>"; };
		864A984E2C4C0237F815C05E /* NovelHeaderView.swift */ = {isa = PBXFileReference; lastKnownFileType = sourcecode.swift; path = NovelHeaderView.swift; sourceTree = "<group>"; };
		89DF43235A3A3FF8323B318A /* ReaderContent.swift */ = {isa = PBXFileReference; lastKnownFileType = sourcecode.swift; path = ReaderContent.swift; sourceTree = "<group>"; };
		8A3F4D29864B2CD889170153 /* ReaderChapterListSheet.swift */ = {isa = PBXFileReference; lastKnownFileType = sourcecode.swift; path = ReaderChapterListSheet.swift; sourceTree = "<group>"; };
		8AD79F29E8F9031396631E55 /* View+Extensions.swift */ = {isa = PBXFileReference; lastKnownFileType = sourcecode.swift; path = "View+Extensions.swift"; sourceTree = "<group>"; };
		8F0A8E05349ED5A1033E1967 /* LocalBookManager.swift */ = {isa = PBXFileReference; lastKnownFileType = sourcecode.swift; path = LocalBookManager.swift; sourceTree = "<group>"; };
		9B15C949254CA69833D943AC /* CustomAsyncImage.swift */ = {isa = PBXFileReference; lastKnownFileType = sourcecode.swift; path = CustomAsyncImage.swift; sourceTree = "<group>"; };
		9B5910B0EC9309E6416CFAFB /* ChapterListView.swift */ = {isa = PBXFileReference; lastKnownFileType = sourcecode.swift; path = ChapterListView.swift; sourceTree = "<group>"; };
		9D2FA6695A9361D47858CC38 /* FlexibleHeader.swift */ = {isa = PBXFileReference; lastKnownFileType = sourcecode.swift; path = FlexibleHeader.swift; sourceTree = "<group>"; };
		9F3233C4DA4D6A036AA55261 /* Date+Extensions.swift */ = {isa = PBXFileReference; lastKnownFileType = sourcecode.swift; path = "Date+Extensions.swift"; sourceTree = "<group>"; };
		A6F1A6745E7ACADABB7304F5 /* UpdateRow.swift */ = {isa = PBXFileReference; lastKnownFileType = sourcecode.swift; path = UpdateRow.swift; sourceTree = "<group>"; };
		A93193A48DE8D174048C0696 /* SyncManager.swift */ = {isa = PBXFileReference; lastKnownFileType = sourcecode.swift; path = SyncManager.swift; sourceTree = "<group>"; };
		B16239F828D386E43FDBB928 /* PluginShims.swift */ = {isa = PBXFileReference; lastKnownFileType = sourcecode.swift; path = PluginShims.swift; sourceTree = "<group>"; };
		B56B530299C57FD90A1E1FB3 /* Novel.swift */ = {isa = PBXFileReference; lastKnownFileType = sourcecode.swift; path = Novel.swift; sourceTree = "<group>"; };
		BA227D06471ABC5D87C79929 /* Assets.xcassets */ = {isa = PBXFileReference; lastKnownFileType = folder.assetcatalog; path = Assets.xcassets; sourceTree = "<group>"; };
		BD006CC34D0C4C76D36DE78E /* ReaderTTSManager.swift */ = {isa = PBXFileReference; lastKnownFileType = sourcecode.swift; path = ReaderTTSManager.swift; sourceTree = "<group>"; };
		BE5F1E7A32777F36CB6BB15B /* SourceCard.swift */ = {isa = PBXFileReference; lastKnownFileType = sourcecode.swift; path = SourceCard.swift; sourceTree = "<group>"; };
		C365B6B617F5A22505985AA7 /* Category.swift */ = {isa = PBXFileReference; lastKnownFileType = sourcecode.swift; path = Category.swift; sourceTree = "<group>"; };
		C5EE675CB77CE18FD43663D2 /* CommentSite.swift */ = {isa = PBXFileReference; lastKnownFileType = sourcecode.swift; path = CommentSite.swift; sourceTree = "<group>"; };
		C7F584AC89AA22BCF08D75E5 /* Theme.swift */ = {isa = PBXFileReference; lastKnownFileType = sourcecode.swift; path = Theme.swift; sourceTree = "<group>"; };
		CA3A74FA2C6CA7812E9A5104 /* CategoryTabView.swift */ = {isa = PBXFileReference; lastKnownFileType = sourcecode.swift; path = CategoryTabView.swift; sourceTree = "<group>"; };
		CAA6EC9C1F5F0F6587444BBF /* ChapterComment.swift */ = {isa = PBXFileReference; lastKnownFileType = sourcecode.swift; path = ChapterComment.swift; sourceTree = "<group>"; };
		CCC4554D0C4A0A3A82593110 /* JSSourcePlugin.swift */ = {isa = PBXFileReference; lastKnownFileType = sourcecode.swift; path = JSSourcePlugin.swift; sourceTree = "<group>"; };
		D2D010962F3B606729E91A2B /* StatisticsView.swift */ = {isa = PBXFileReference; lastKnownFileType = sourcecode.swift; path = StatisticsView.swift; sourceTree = "<group>"; };
		DA7252953C1DC4790D0D99C8 /* ReadingHistory.swift */ = {isa = PBXFileReference; lastKnownFileType = sourcecode.swift; path = ReadingHistory.swift; sourceTree = "<group>"; };
		DAAEBBACB7F3008512E5F5C8 /* UpdatesView.swift */ = {isa = PBXFileReference; lastKnownFileType = sourcecode.swift; path = UpdatesView.swift; sourceTree = "<group>"; };
		DE7855CDF6838B115B019E60 /* GlobalSearchView.swift */ = {isa = PBXFileReference; lastKnownFileType = sourcecode.swift; path = GlobalSearchView.swift; sourceTree = "<group>"; };
		E0BAC8A5A6A4148EFD000C5E /* DisplayMode.swift */ = {isa = PBXFileReference; lastKnownFileType = sourcecode.swift; path = DisplayMode.swift; sourceTree = "<group>"; };
		EA29494108CD17219086F81C /* LibraryView.swift */ = {isa = PBXFileReference; lastKnownFileType = sourcecode.swift; path = LibraryView.swift; sourceTree = "<group>"; };
		EF6874D7E189C71594C8D890 /* SourcePlugin.swift */ = {isa = PBXFileReference; lastKnownFileType = sourcecode.swift; path = SourcePlugin.swift; sourceTree = "<group>"; };
		EF6E35C495529EB1044040B0 /* ChapterRow.swift */ = {isa = PBXFileReference; lastKnownFileType = sourcecode.swift; path = ChapterRow.swift; sourceTree = "<group>"; };
		F184BCF47362D5B90EA1FBC5 /* HistoryView.swift */ = {isa = PBXFileReference; lastKnownFileType = sourcecode.swift; path = HistoryView.swift; sourceTree = "<group>"; };
		F1B42540A8553644A4BA6829 /* EmptyStateView.swift */ = {isa = PBXFileReference; lastKnownFileType = sourcecode.swift; path = EmptyStateView.swift; sourceTree = "<group>"; };
		F40544D40A826C93D44709D4 /* NovelInfoSection.swift */ = {isa = PBXFileReference; lastKnownFileType = sourcecode.swift; path = NovelInfoSection.swift; sourceTree = "<group>"; };
		F8C839AAAF9EECC8AEFF7D32 /* NovelDetailView.swift */ = {isa = PBXFileReference; lastKnownFileType = sourcecode.swift; path = NovelDetailView.swift; sourceTree = "<group>"; };
		FA185521D5A2A6659A82F448 /* NovelFireCommentsService.swift */ = {isa = PBXFileReference; lastKnownFileType = sourcecode.swift; path = NovelFireCommentsService.swift; sourceTree = "<group>"; };
		FA7B6ED88F807CFBE5682DC8 /* TTSSettingsView.swift */ = {isa = PBXFileReference; lastKnownFileType = sourcecode.swift; path = TTSSettingsView.swift; sourceTree = "<group>"; };
		FCDA490AB7000042D1AA6DAF /* GlassOverlay.swift */ = {isa = PBXFileReference; lastKnownFileType = sourcecode.swift; path = GlassOverlay.swift; sourceTree = "<group>"; };
		FD1C9A0EDEC76B66E2A28B5A /* ReaderSettingsView.swift */ = {isa = PBXFileReference; lastKnownFileType = sourcecode.swift; path = ReaderSettingsView.swift; sourceTree = "<group>"; };
/* End PBXFileReference section */

/* Begin PBXFrameworksBuildPhase section */
		3828DBC06BE900BEEF5151D2 /* Frameworks */ = {
			isa = PBXFrameworksBuildPhase;
			buildActionMask = 2147483647;
			files = (
				F058C4831CC3F14C9B5EDC9B /* Glur in Frameworks */,
			);
			runOnlyForDeploymentPostprocessing = 0;
		};
/* End PBXFrameworksBuildPhase section */

/* Begin PBXGroup section */
		06333FFD9AA49A992CECF1BE /* ViewModifiers */ = {
			isa = PBXGroup;
			children = (
				9D2FA6695A9361D47858CC38 /* FlexibleHeader.swift */,
				FCDA490AB7000042D1AA6DAF /* GlassOverlay.swift */,
				7DB09D701D00140674D1ADF4 /* WiggleModifier.swift */,
			);
			path = ViewModifiers;
			sourceTree = "<group>";
		};
		1070FB7AAEA8249AB2A5EA25 /* Components */ = {
			isa = PBXGroup;
			children = (
				1F23349EABEA436D6793D9B6 /* BadgeView.swift */,
				9B15C949254CA69833D943AC /* CustomAsyncImage.swift */,
				623EA90F63B7AF0B5426E96B /* DeleteBadge.swift */,
				F1B42540A8553644A4BA6829 /* EmptyStateView.swift */,
				179854008F9437120FBDEDDB /* GlassCard.swift */,
				3C527A04CDCEF84E8DEA8EFB /* LoadingView.swift */,
				1760A05DBF7E612169B36D46 /* NovelCoverView.swift */,
			);
			path = Components;
			sourceTree = "<group>";
		};
		153762F160E602478412D796 /* Models */ = {
			isa = PBXGroup;
			children = (
				C365B6B617F5A22505985AA7 /* Category.swift */,
				83D4C60AFAD837E951FD8186 /* Chapter.swift */,
				CAA6EC9C1F5F0F6587444BBF /* ChapterComment.swift */,
				B56B530299C57FD90A1E1FB3 /* Novel.swift */,
				DA7252953C1DC4790D0D99C8 /* ReadingHistory.swift */,
				7CC28AE689134463969C622A /* Repository.swift */,
				0F3C57396225E76D5E328F96 /* UserProfile.swift */,
				BB410E59A6269697BF4FE4A8 /* Enums */,
			);
			path = Models;
			sourceTree = "<group>";
		};
		1AAECBCAFF61AC4195AF99ED /* Reader */ = {
			isa = PBXGroup;
			children = (
				4C4CCC920C4381FB8A63F2AE /* NovelFireCommentsView.swift */,
				8A3F4D29864B2CD889170153 /* ReaderChapterListSheet.swift */,
				89DF43235A3A3FF8323B318A /* ReaderContent.swift */,
				44694161C716310552872C25 /* ReaderContentBridge.swift */,
				174C8A293062CFE21B69CD54 /* ReaderSettings.swift */,
				671E0339A11D5257190D9382 /* ReaderToolbar.swift */,
				003CA6699D27A4A3DCAFD2EF /* ReaderView.swift */,
			);
			path = Reader;
			sourceTree = "<group>";
		};
		1C6D8F58BD17F680395B85E5 /* Extensions */ = {
			isa = PBXGroup;
			children = (
				9F3233C4DA4D6A036AA55261 /* Date+Extensions.swift */,
				12F4A420FA71593B7FE636EF /* String+Extensions.swift */,
				8AD79F29E8F9031396631E55 /* View+Extensions.swift */,
			);
			path = Extensions;
			sourceTree = "<group>";
		};
		2AECB580643B38EAA1424ACD /* Browse */ = {
			isa = PBXGroup;
			children = (
				6D146837B0A35B46E96AA935 /* BrowseView.swift */,
				DE7855CDF6838B115B019E60 /* GlobalSearchView.swift */,
				BE5F1E7A32777F36CB6BB15B /* SourceCard.swift */,
				2D249BF6B2E5EFC8CEE1A15F /* SourceDetailView.swift */,
			);
			path = Browse;
			sourceTree = "<group>";
		};
		31630C79D4727AAF6DD33667 /* Novel */ = {
			isa = PBXGroup;
			children = (
				9B5910B0EC9309E6416CFAFB /* ChapterListView.swift */,
				EF6E35C495529EB1044040B0 /* ChapterRow.swift */,
				F8C839AAAF9EECC8AEFF7D32 /* NovelDetailView.swift */,
				864A984E2C4C0237F815C05E /* NovelHeaderView.swift */,
				F40544D40A826C93D44709D4 /* NovelInfoSection.swift */,
			);
			path = Novel;
			sourceTree = "<group>";
		};
		3F9E82D3F3028F05619EFFB0 /* Settings */ = {
			isa = PBXGroup;
			children = (
				0E7EF8F1619F87E49C91AA9D /* AdvancedSettingsView.swift */,
				4FEB9DFD69BA0045086A56C6 /* GeneralSettingsView.swift */,
				FD1C9A0EDEC76B66E2A28B5A /* ReaderSettingsView.swift */,
				FA7B6ED88F807CFBE5682DC8 /* TTSSettingsView.swift */,
			);
			path = Settings;
			sourceTree = "<group>";
		};
		4E92C3475CD613743DA07BD2 /* Plugins */ = {
			isa = PBXGroup;
			children = (
				CCC4554D0C4A0A3A82593110 /* JSSourcePlugin.swift */,
				392C327BEA15155A04D0DE30 /* MockSource.swift */,
				722458855AF69B5DACBBB0F2 /* PluginManager.swift */,
				B16239F828D386E43FDBB928 /* PluginShims.swift */,
				EF6874D7E189C71594C8D890 /* SourcePlugin.swift */,
			);
			path = Plugins;
			sourceTree = "<group>";
		};
		4E9A3C0519D5DA61AAFF8372 /* More */ = {
			isa = PBXGroup;
			children = (
				0BACDEFA4D3A76B48456098C /* AboutView.swift */,
				22DDF1DFDE958E4744082B1B /* MoreView.swift */,
				D2D010962F3B606729E91A2B /* StatisticsView.swift */,
				3F9E82D3F3028F05619EFFB0 /* Settings */,
			);
			path = More;
			sourceTree = "<group>";
		};
		6A3F5AB528717E8414751190 = {
			isa = PBXGroup;
			children = (
				2B650856C28BA6DD64543A24 /* AppIcon.icon */,
				BA227D06471ABC5D87C79929 /* Assets.xcassets */,
				3098E6B5EE638FB9BAC7732D /* ContentView.swift */,
				7C9E9CDAAAE1E4CA9DAA3212 /* LNReaderApp.swift */,
				1070FB7AAEA8249AB2A5EA25 /* Components */,
				EB7F563C326E5CA979BE37DF /* Design */,
				1C6D8F58BD17F680395B85E5 /* Extensions */,
				C2797BC198A90979B72E44B3 /* Features */,
				153762F160E602478412D796 /* Models */,
				7191043716F4CF4E3B9A7046 /* Services */,
				D81CEACA5FC32B701431AD20 /* Utilities */,
				B71E1B3A1604D37BAFAC1585 /* Products */,
			);
			sourceTree = "<group>";
		};
		7191043716F4CF4E3B9A7046 /* Services */ = {
			isa = PBXGroup;
			children = (
				C5EE675CB77CE18FD43663D2 /* CommentSite.swift */,
				2E6A6D07AE4B518B274A5072 /* FocusModeManager.swift */,
				635EBF2C4EBF46F848E6E070 /* LibraryManager.swift */,
				8F0A8E05349ED5A1033E1967 /* LocalBookManager.swift */,
				FA185521D5A2A6659A82F448 /* NovelFireCommentsService.swift */,
				BD006CC34D0C4C76D36DE78E /* ReaderTTSManager.swift */,
				A93193A48DE8D174048C0696 /* SyncManager.swift */,
				5B329FB083E53D42E5825CC0 /* TTSAudioCache.swift */,
				4E92C3475CD613743DA07BD2 /* Plugins */,
			);
			path = Services;
			sourceTree = "<group>";
		};
		732BF66B7E8574FA3A9785A5 /* History */ = {
			isa = PBXGroup;
			children = (
				50F9C09B8F93F66D136B578B /* HistoryRow.swift */,
				F184BCF47362D5B90EA1FBC5 /* HistoryView.swift */,
			);
			path = History;
			sourceTree = "<group>";
		};
		B71E1B3A1604D37BAFAC1585 /* Products */ = {
			isa = PBXGroup;
			children = (
				46FA6A19D9FC62CAFEB6AEC5 /* LNReader.app */,
			);
			name = Products;
			sourceTree = "<group>";
		};
		BB410E59A6269697BF4FE4A8 /* Enums */ = {
			isa = PBXGroup;
			children = (
				E0BAC8A5A6A4148EFD000C5E /* DisplayMode.swift */,
				077BF4C78DF1F6E3662DC6A8 /* NovelStatus.swift */,
				529ECBBE4EC3C2A151959310 /* SortOrder.swift */,
			);
			path = Enums;
			sourceTree = "<group>";
		};
		C2797BC198A90979B72E44B3 /* Features */ = {
			isa = PBXGroup;
			children = (
				D655B8E5BD588E349872B758 /* Auth */,
				2AECB580643B38EAA1424ACD /* Browse */,
				732BF66B7E8574FA3A9785A5 /* History */,
				EAA030D4D41B56276727FAF7 /* Library */,
				4E9A3C0519D5DA61AAFF8372 /* More */,
				31630C79D4727AAF6DD33667 /* Novel */,
				1AAECBCAFF61AC4195AF99ED /* Reader */,
				F63026B3D4BF6DE45EE9FB92 /* Updates */,
			);
			path = Features;
			sourceTree = "<group>";
		};
		D655B8E5BD588E349872B758 /* Auth */ = {
			isa = PBXGroup;
			children = (
				6296321DDD74C291B504BEC0 /* AuthView.swift */,
				037C592FB524AD4F9A9F370F /* NovelFireLoginView.swift */,
			);
			path = Auth;
			sourceTree = "<group>";
		};
		D81CEACA5FC32B701431AD20 /* Utilities */ = {
			isa = PBXGroup;
			children = (
				6C68D75AE23FF560C56A9C84 /* HTMLParser.swift */,
				0D4233BADE3CB7AF56E45C68 /* MiniZIP.swift */,
				530E8B72F8C400221A99FB1B /* NetworkClient.swift */,
				6E10BF3DAB13B839E1205F6D /* TinyXMLParser.swift */,
			);
			path = Utilities;
			sourceTree = "<group>";
		};
		EAA030D4D41B56276727FAF7 /* Library */ = {
			isa = PBXGroup;
			children = (
				CA3A74FA2C6CA7812E9A5104 /* CategoryTabView.swift */,
				60F9403D2E7706164EFA9DFB /* LibraryGridView.swift */,
				5ED6BA0F67B3BD27D533F6FB /* LibraryListView.swift */,
				1B7EA7CD78D6EB26DF7E50ED /* LibraryToolbar.swift */,
				EA29494108CD17219086F81C /* LibraryView.swift */,
				528A1466337E800799FED5D8 /* NovelDropDelegate.swift */,
			);
			path = Library;
			sourceTree = "<group>";
		};
		EB7F563C326E5CA979BE37DF /* Design */ = {
			isa = PBXGroup;
			children = (
				788EA87FDCBD419221019BB2 /* Constants.swift */,
				C7F584AC89AA22BCF08D75E5 /* Theme.swift */,
				06333FFD9AA49A992CECF1BE /* ViewModifiers */,
			);
			path = Design;
			sourceTree = "<group>";
		};
		F63026B3D4BF6DE45EE9FB92 /* Updates */ = {
			isa = PBXGroup;
			children = (
				A6F1A6745E7ACADABB7304F5 /* UpdateRow.swift */,
				DAAEBBACB7F3008512E5F5C8 /* UpdatesView.swift */,
			);
			path = Updates;
			sourceTree = "<group>";
		};
/* End PBXGroup section */

/* Begin PBXNativeTarget section */
		8696D17F1F87B98BEEB87BD2 /* LNReader */ = {
			isa = PBXNativeTarget;
			buildConfigurationList = 1E2812CF51F3E5BA55ECC7DA /* Build configuration list for PBXNativeTarget "LNReader" */;
			buildPhases = (
				53277114ECBBECAF35ACFE91 /* Sources */,
				3E6F4DB0FF7BE6842689BEF3 /* Resources */,
				3828DBC06BE900BEEF5151D2 /* Frameworks */,
			);
			buildRules = (
			);
			dependencies = (
			);
			name = LNReader;
			packageProductDependencies = (
				0D468E064E87EA8FE7747702 /* Glur */,
			);
			productName = LNReader;
			productReference = 46FA6A19D9FC62CAFEB6AEC5 /* LNReader.app */;
			productType = "com.apple.product-type.application";
		};
/* End PBXNativeTarget section */

/* Begin PBXProject section */
		7A9649E23C4EC20BBB9E689E /* Project object */ = {
			isa = PBXProject;
			attributes = {
				BuildIndependentTargetsInParallel = YES;
				LastUpgradeCheck = 2600;
				TargetAttributes = {
					8696D17F1F87B98BEEB87BD2 = {
						ProvisioningStyle = Automatic;
					};
				};
			};
			buildConfigurationList = 8B945B321B8E5A5A9429A86A /* Build configuration list for PBXProject "LNReader" */;
			developmentRegion = en;
			hasScannedForEncodings = 0;
			knownRegions = (
				Base,
				en,
			);
			mainGroup = 6A3F5AB528717E8414751190;
			minimizedProjectReferenceProxies = 1;
			packageReferences = (
				ECAAF6D219B75436D3C66C40 /* XCRemoteSwiftPackageReference "Glur" */,
			);
			preferredProjectObjectVersion = 77;
			productRefGroup = B71E1B3A1604D37BAFAC1585 /* Products */;
			projectDirPath = "";
			projectRoot = "";
			targets = (
				8696D17F1F87B98BEEB87BD2 /* LNReader */,
			);
		};
/* End PBXProject section */

/* Begin PBXResourcesBuildPhase section */
		3E6F4DB0FF7BE6842689BEF3 /* Resources */ = {
			isa = PBXResourcesBuildPhase;
			buildActionMask = 2147483647;
			files = (
				0518E7BC7FF5DA15E6F1CB52 /* AppIcon.icon in Resources */,
				DF964DDA1C4FB131E160580E /* Assets.xcassets in Resources */,
			);
			runOnlyForDeploymentPostprocessing = 0;
		};
/* End PBXResourcesBuildPhase section */

/* Begin PBXSourcesBuildPhase section */
		53277114ECBBECAF35ACFE91 /* Sources */ = {
			isa = PBXSourcesBuildPhase;
			buildActionMask = 2147483647;
			files = (
				B6C6D1C5F90025D8A536E91B /* AboutView.swift in Sources */,
				C4748B637ED36325AFC4D906 /* AdvancedSettingsView.swift in Sources */,
				0F37784CA27169F604E6AF15 /* AuthView.swift in Sources */,
				6098BA752774BDB4B89F0413 /* BadgeView.swift in Sources */,
				94D28F3920B360E7992CF402 /* BrowseView.swift in Sources */,
				25E7C39A3D44AB0755F64161 /* Category.swift in Sources */,
				ACF03F865CF4D13501F5CC5E /* CategoryTabView.swift in Sources */,
				BE4BB0628A00BB8C16DE9E47 /* Chapter.swift in Sources */,
				1A90711DB39A3061C8ECBFE1 /* ChapterComment.swift in Sources */,
				C8F3E21C45BA514861798359 /* ChapterListView.swift in Sources */,
				B8D2CAB1DC28627539E29A3B /* ChapterRow.swift in Sources */,
				D874365D359C3403B83EA8CA /* CommentSite.swift in Sources */,
				FD91FA952D879AFFD81F3ED3 /* Constants.swift in Sources */,
				CB4E20E102161D7E220CEDDD /* ContentView.swift in Sources */,
				70AF3DCF891725ECA2575D6E /* CustomAsyncImage.swift in Sources */,
				291B1C3AB4E3A7256BB48E6F /* Date+Extensions.swift in Sources */,
				89540930F1A34DF599CEA02B /* DeleteBadge.swift in Sources */,
				A4FBFDFEFA8DAB3E3F26B5AE /* DisplayMode.swift in Sources */,
				BFFABD8B1BC6977119832E29 /* EmptyStateView.swift in Sources */,
				529B1B70BCE0941501A626B2 /* FlexibleHeader.swift in Sources */,
				8D5A446E5B0B3585C84B2490 /* FocusModeManager.swift in Sources */,
				0D61A49ED5F1D91D3A515A14 /* GeneralSettingsView.swift in Sources */,
				75995F2F5AE6494AC92E1C43 /* GlassCard.swift in Sources */,
				EFAD3576C145DEDFF32B3D98 /* GlassOverlay.swift in Sources */,
				C859B7F21605A326EEC1CC1B /* GlobalSearchView.swift in Sources */,
				7BF5C5BE164E42B9EA245AFE /* HTMLParser.swift in Sources */,
				FA024401BCB08F7E6C64FBFE /* HistoryRow.swift in Sources */,
				A80CDB14728D145483AC4AC9 /* HistoryView.swift in Sources */,
				1ABA3093E56C72975015C4A9 /* JSSourcePlugin.swift in Sources */,
				8C06989B481578FF1985D66A /* LNReaderApp.swift in Sources */,
				1F81C415072C2CC58104534D /* LibraryGridView.swift in Sources */,
				A80C51880F770CCE55AC5FEE /* LibraryListView.swift in Sources */,
				27353B17C2D4DDE3B62EEF65 /* LibraryManager.swift in Sources */,
				AB15B1E92617A630F5F814B8 /* LibraryToolbar.swift in Sources */,
				2AB970CC355C921E6044A091 /* LibraryView.swift in Sources */,
				936C1CA9EF06DEF42FD6D430 /* LoadingView.swift in Sources */,
				D2EF6AD9F0781D12B92C4865 /* LocalBookManager.swift in Sources */,
				E0AC98E967703470CE4D8097 /* MiniZIP.swift in Sources */,
				5602A1D884B68BD5379038E4 /* MockSource.swift in Sources */,
				0C03062A193BA30A59F0417F /* MoreView.swift in Sources */,
				D03BFCC6CD4B49965B34EE23 /* NetworkClient.swift in Sources */,
				05D969D4F7888414872F4A1F /* Novel.swift in Sources */,
				126F9AF4E3EB6F3756B32B06 /* NovelCoverView.swift in Sources */,
				982859293982550BA36FA065 /* NovelDetailView.swift in Sources */,
				E271F36B96D33AAE2F3411A4 /* NovelDropDelegate.swift in Sources */,
				4166A7FC148CCAA3EBE3DB68 /* NovelFireCommentsService.swift in Sources */,
				ED66F03304D686E37ED4776B /* NovelFireCommentsView.swift in Sources */,
				B5A5AC4F4D44510F58EEA357 /* NovelFireLoginView.swift in Sources */,
				49B3E6FF38E49F830F28E3C1 /* NovelHeaderView.swift in Sources */,
				5E9EA7833D65125233825CD8 /* NovelInfoSection.swift in Sources */,
				F1FBF7CB0B15A4A6742DE315 /* NovelStatus.swift in Sources */,
				ABD443FA39C59BF556CA2100 /* PluginManager.swift in Sources */,
				8C9407C6843D94D83BC3760D /* PluginShims.swift in Sources */,
				C7DCD24BA48D3707D689052D /* ReaderChapterListSheet.swift in Sources */,
				939B509FC87B4E6546B04724 /* ReaderContent.swift in Sources */,
				6663C20B34190DA7759BF147 /* ReaderContentBridge.swift in Sources */,
				AC18996B8CB747D0257FB2DE /* ReaderSettings.swift in Sources */,
				2EE35F4E3C525E45A1006435 /* ReaderSettingsView.swift in Sources */,
				0F1B805C6FDCC1DEDB5754EB /* ReaderTTSManager.swift in Sources */,
				B37E1D7E301188E6B2789AD1 /* ReaderToolbar.swift in Sources */,
				6D9A07220293CC4C0F5D257D /* ReaderView.swift in Sources */,
				B583B0FCB254B1732516B008 /* ReadingHistory.swift in Sources */,
				1B98738FDB08E9739DEA128F /* Repository.swift in Sources */,
				A808755A9ED9DE0C3FB473C8 /* SortOrder.swift in Sources */,
				332668269D86AA69EFACDF60 /* SourceCard.swift in Sources */,
				C54D0BBB558ED4A8EEB89352 /* SourceDetailView.swift in Sources */,
				E8E599B09D9B415DFC301756 /* SourcePlugin.swift in Sources */,
				EEDF92E541FC7528E7BEAA2B /* StatisticsView.swift in Sources */,
				62C08A004F957CA7BE8565D4 /* String+Extensions.swift in Sources */,
				F8879A418673455C0E62F341 /* SyncManager.swift in Sources */,
				7C176687CDA357D1C003C517 /* TTSAudioCache.swift in Sources */,
				F284113DD4D3BBD22FA26560 /* TTSSettingsView.swift in Sources */,
				964462B69BFEFB77456C4391 /* Theme.swift in Sources */,
				85CDA37BF617A6E77D899825 /* TinyXMLParser.swift in Sources */,
				4FBA33A806A389FA89FFF285 /* UpdateRow.swift in Sources */,
				844BC985C7BAC123C2DB2C06 /* UpdatesView.swift in Sources */,
				9E3ED16AD43AC4A98B214B9C /* UserProfile.swift in Sources */,
				EB7155DE60ABC4A9AF8D661A /* View+Extensions.swift in Sources */,
				172170C0C9733A83E162D5EA /* WiggleModifier.swift in Sources */,
			);
			runOnlyForDeploymentPostprocessing = 0;
		};
/* End PBXSourcesBuildPhase section */

/* Begin XCBuildConfiguration section */
		39A8EE127CA870A8E8F1CD71 /* Debug */ = {
			isa = XCBuildConfiguration;
			buildSettings = {
				ASSETCATALOG_COMPILER_APPICON_NAME = AppIcon;
				ASSETCATALOG_COMPILER_GLOBAL_ACCENT_COLOR_NAME = AccentColor;
				CODE_SIGN_IDENTITY = "Apple Development";
				"CODE_SIGN_IDENTITY[sdk=iphoneos*]" = "Apple Development";
				CODE_SIGN_STYLE = Automatic;
				DEVELOPMENT_TEAM = 9F946WAJQ7;
				ENABLE_PREVIEWS = YES;
				GENERATE_INFOPLIST_FILE = NO;
				INFOPLIST_FILE = Info.plist;
				IPHONEOS_DEPLOYMENT_TARGET = 26.0;
				LD_RUNPATH_SEARCH_PATHS = (
					"$(inherited)",
					"@executable_path/Frameworks",
				);
				PRODUCT_BUNDLE_IDENTIFIER = com.lnreader.app;
				PRODUCT_NAME = LNReader;
				SDKROOT = iphoneos;
				SWIFT_VERSION = 5.0;
				TARGETED_DEVICE_FAMILY = "1,2";
			};
			name = Debug;
		};
		3C871D17AD304DCE40FAFABC /* Release */ = {
			isa = XCBuildConfiguration;
			buildSettings = {
				ASSETCATALOG_COMPILER_APPICON_NAME = AppIcon;
				ASSETCATALOG_COMPILER_GLOBAL_ACCENT_COLOR_NAME = AccentColor;
				CODE_SIGN_IDENTITY = "Apple Development";
				"CODE_SIGN_IDENTITY[sdk=iphoneos*]" = "Apple Development";
				CODE_SIGN_STYLE = Automatic;
				DEVELOPMENT_TEAM = 9F946WAJQ7;
				ENABLE_PREVIEWS = YES;
				GENERATE_INFOPLIST_FILE = NO;
				INFOPLIST_FILE = Info.plist;
				IPHONEOS_DEPLOYMENT_TARGET = 26.0;
				LD_RUNPATH_SEARCH_PATHS = (
					"$(inherited)",
					"@executable_path/Frameworks",
				);
				PRODUCT_BUNDLE_IDENTIFIER = com.lnreader.app;
				PRODUCT_NAME = LNReader;
				SDKROOT = iphoneos;
				SWIFT_VERSION = 5.0;
				TARGETED_DEVICE_FAMILY = "1,2";
			};
			name = Release;
		};
		41689870DBBBE7EF007E9D0F /* Debug */ = {
			isa = XCBuildConfiguration;
			buildSettings = {
				ALWAYS_SEARCH_USER_PATHS = NO;
				CLANG_ANALYZER_NONNULL = YES;
				CLANG_ANALYZER_NUMBER_OBJECT_CONVERSION = YES_AGGRESSIVE;
				CLANG_CXX_LANGUAGE_STANDARD = "gnu++14";
				CLANG_CXX_LIBRARY = "libc++";
				CLANG_ENABLE_MODULES = YES;
				CLANG_ENABLE_OBJC_ARC = YES;
				CLANG_ENABLE_OBJC_WEAK = YES;
				CLANG_WARN_BLOCK_CAPTURE_AUTORELEASING = YES;
				CLANG_WARN_BOOL_CONVERSION = YES;
				CLANG_WARN_COMMA = YES;
				CLANG_WARN_CONSTANT_CONVERSION = YES;
				CLANG_WARN_DEPRECATED_OBJC_IMPLEMENTATIONS = YES;
				CLANG_WARN_DIRECT_OBJC_ISA_USAGE = YES_ERROR;
				CLANG_WARN_DOCUMENTATION_COMMENTS = YES;
				CLANG_WARN_EMPTY_BODY = YES;
				CLANG_WARN_ENUM_CONVERSION = YES;
				CLANG_WARN_INFINITE_RECURSION = YES;
				CLANG_WARN_INT_CONVERSION = YES;
				CLANG_WARN_NON_LITERAL_NULL_CONVERSION = YES;
				CLANG_WARN_OBJC_IMPLICIT_RETAIN_SELF = YES;
				CLANG_WARN_OBJC_LITERAL_CONVERSION = YES;
				CLANG_WARN_OBJC_ROOT_CLASS = YES_ERROR;
				CLANG_WARN_QUOTED_INCLUDE_IN_FRAMEWORK_HEADER = YES;
				CLANG_WARN_RANGE_LOOP_ANALYSIS = YES;
				CLANG_WARN_STRICT_PROTOTYPES = YES;
				CLANG_WARN_SUSPICIOUS_MOVE = YES;
				CLANG_WARN_UNGUARDED_AVAILABILITY = YES_AGGRESSIVE;
				CLANG_WARN_UNREACHABLE_CODE = YES;
				CLANG_WARN__DUPLICATE_METHOD_MATCH = YES;
				COPY_PHASE_STRIP = NO;
				DEBUG_INFORMATION_FORMAT = dwarf;
				ENABLE_STRICT_OBJC_MSGSEND = YES;
				ENABLE_TESTABILITY = YES;
				GCC_C_LANGUAGE_STANDARD = gnu11;
				GCC_DYNAMIC_NO_PIC = NO;
				GCC_NO_COMMON_BLOCKS = YES;
				GCC_OPTIMIZATION_LEVEL = 0;
				GCC_PREPROCESSOR_DEFINITIONS = (
					"$(inherited)",
					"DEBUG=1",
				);
				GCC_WARN_64_TO_32_BIT_CONVERSION = YES;
				GCC_WARN_ABOUT_RETURN_TYPE = YES_ERROR;
				GCC_WARN_UNDECLARED_SELECTOR = YES;
				GCC_WARN_UNINITIALIZED_AUTOS = YES_AGGRESSIVE;
				GCC_WARN_UNUSED_FUNCTION = YES;
				GCC_WARN_UNUSED_VARIABLE = YES;
				IPHONEOS_DEPLOYMENT_TARGET = 26.0;
				MTL_ENABLE_DEBUG_INFO = INCLUDE_SOURCE;
				MTL_FAST_MATH = YES;
				ONLY_ACTIVE_ARCH = YES;
				PRODUCT_NAME = "$(TARGET_NAME)";
				SDKROOT = iphoneos;
				SWIFT_ACTIVE_COMPILATION_CONDITIONS = DEBUG;
				SWIFT_OPTIMIZATION_LEVEL = "-Onone";
				SWIFT_VERSION = 5.0;
			};
			name = Debug;
		};
		91926749D5968DBC38EF4E7E /* Release */ = {
			isa = XCBuildConfiguration;
			buildSettings = {
				ALWAYS_SEARCH_USER_PATHS = NO;
				CLANG_ANALYZER_NONNULL = YES;
				CLANG_ANALYZER_NUMBER_OBJECT_CONVERSION = YES_AGGRESSIVE;
				CLANG_CXX_LANGUAGE_STANDARD = "gnu++14";
				CLANG_CXX_LIBRARY = "libc++";
				CLANG_ENABLE_MODULES = YES;
				CLANG_ENABLE_OBJC_ARC = YES;
				CLANG_ENABLE_OBJC_WEAK = YES;
				CLANG_WARN_BLOCK_CAPTURE_AUTORELEASING = YES;
				CLANG_WARN_BOOL_CONVERSION = YES;
				CLANG_WARN_COMMA = YES;
				CLANG_WARN_CONSTANT_CONVERSION = YES;
				CLANG_WARN_DEPRECATED_OBJC_IMPLEMENTATIONS = YES;
				CLANG_WARN_DIRECT_OBJC_ISA_USAGE = YES_ERROR;
				CLANG_WARN_DOCUMENTATION_COMMENTS = YES;
				CLANG_WARN_EMPTY_BODY = YES;
				CLANG_WARN_ENUM_CONVERSION = YES;
				CLANG_WARN_INFINITE_RECURSION = YES;
				CLANG_WARN_INT_CONVERSION = YES;
				CLANG_WARN_NON_LITERAL_NULL_CONVERSION = YES;
				CLANG_WARN_OBJC_IMPLICIT_RETAIN_SELF = YES;
				CLANG_WARN_OBJC_LITERAL_CONVERSION = YES;
				CLANG_WARN_OBJC_ROOT_CLASS = YES_ERROR;
				CLANG_WARN_QUOTED_INCLUDE_IN_FRAMEWORK_HEADER = YES;
				CLANG_WARN_RANGE_LOOP_ANALYSIS = YES;
				CLANG_WARN_STRICT_PROTOTYPES = YES;
				CLANG_WARN_SUSPICIOUS_MOVE = YES;
				CLANG_WARN_UNGUARDED_AVAILABILITY = YES_AGGRESSIVE;
				CLANG_WARN_UNREACHABLE_CODE = YES;
				CLANG_WARN__DUPLICATE_METHOD_MATCH = YES;
				COPY_PHASE_STRIP = NO;
				DEBUG_INFORMATION_FORMAT = "dwarf-with-dsym";
				ENABLE_NS_ASSERTIONS = NO;
				ENABLE_STRICT_OBJC_MSGSEND = YES;
				GCC_C_LANGUAGE_STANDARD = gnu11;
				GCC_NO_COMMON_BLOCKS = YES;
				GCC_WARN_64_TO_32_BIT_CONVERSION = YES;
				GCC_WARN_ABOUT_RETURN_TYPE = YES_ERROR;
				GCC_WARN_UNDECLARED_SELECTOR = YES;
				GCC_WARN_UNINITIALIZED_AUTOS = YES_AGGRESSIVE;
				GCC_WARN_UNUSED_FUNCTION = YES;
				GCC_WARN_UNUSED_VARIABLE = YES;
				IPHONEOS_DEPLOYMENT_TARGET = 26.0;
				MTL_ENABLE_DEBUG_INFO = NO;
				MTL_FAST_MATH = YES;
				PRODUCT_NAME = "$(TARGET_NAME)";
				SDKROOT = iphoneos;
				SWIFT_COMPILATION_MODE = wholemodule;
				SWIFT_OPTIMIZATION_LEVEL = "-O";
				SWIFT_VERSION = 5.0;
			};
			name = Release;
		};
/* End XCBuildConfiguration section */

/* Begin XCConfigurationList section */
		1E2812CF51F3E5BA55ECC7DA /* Build configuration list for PBXNativeTarget "LNReader" */ = {
			isa = XCConfigurationList;
			buildConfigurations = (
				39A8EE127CA870A8E8F1CD71 /* Debug */,
				3C871D17AD304DCE40FAFABC /* Release */,
			);
			defaultConfigurationIsVisible = 0;
			defaultConfigurationName = Debug;
		};
		8B945B321B8E5A5A9429A86A /* Build configuration list for PBXProject "LNReader" */ = {
			isa = XCConfigurationList;
			buildConfigurations = (
				41689870DBBBE7EF007E9D0F /* Debug */,
				91926749D5968DBC38EF4E7E /* Release */,
			);
			defaultConfigurationIsVisible = 0;
			defaultConfigurationName = Debug;
		};
/* End XCConfigurationList section */

/* Begin XCRemoteSwiftPackageReference section */
		ECAAF6D219B75436D3C66C40 /* XCRemoteSwiftPackageReference "Glur" */ = {
			isa = XCRemoteSwiftPackageReference;
			repositoryURL = "https://github.com/joogps/Glur";
			requirement = {
				kind = upToNextMajorVersion;
				minimumVersion = 2.0.0;
			};
		};
/* End XCRemoteSwiftPackageReference section */

/* Begin XCSwiftPackageProductDependency section */
		0D468E064E87EA8FE7747702 /* Glur */ = {
			isa = XCSwiftPackageProductDependency;
			package = ECAAF6D219B75436D3C66C40 /* XCRemoteSwiftPackageReference "Glur" */;
			productName = Glur;
		};
/* End XCSwiftPackageProductDependency section */
	};
	rootObject = 7A9649E23C4EC20BBB9E689E /* Project object */;
}
